
Microsoft Visual Studio Solution File, Format Version 12.00
# Visual Studio Version 17
VisualStudioVersion = 17.5.002.0
MinimumVisualStudioVersion = 10.0.40219.1
Project("{2150E333-8FDC-42A3-9474-1A3956D46DE8}") = "csharp-prep", "csharp-prep", "{C65A338C-0BD1-461F-B8D1-E55F2E889A74}"
EndProject
Project("{9A19103F-16F7-4668-BE54-9A1E7A4F7556}") = "Prep1", "csharp-prep\Prep1\Prep1.csproj", "{95B379A6-FFAD-4F6F-875A-734FD41D95FC}"
EndProject
Project("{9A19103F-16F7-4668-BE54-9A1E7A4F7556}") = "Prep2", "csharp-prep\Prep2\Prep2.csproj", "{54C7F2A5-0FE7-4F6C-9D9E-A2DA17FA40C7}"
EndProject
Project("{9A19103F-16F7-4668-BE54-9A1E7A4F7556}") = "Prep3", "csharp-prep\Prep3\Prep3.csproj", "{886A4957-B0DC-4C44-9672-C0A2179D4E64}"
EndProject
Project("{9A19103F-16F7-4668-BE54-9A1E7A4F7556}") = "Prep4", "csharp-prep\Prep4\Prep4.csproj", "{B84CCBD3-3FBA-459D-8407-8CD9DFDCC521}"
EndProject
Project("{9A19103F-16F7-4668-BE54-9A1E7A4F7556}") = "Prep5", "csharp-prep\Prep5\Prep5.csproj", "{2ED728AF-FFBA-4152-AEB2-CC5DD25C5F93}"
EndProject
Project("{2150E333-8FDC-42A3-9474-1A3956D46DE8}") = "final", "final", "{CC7FE4A3-A98B-498D-8210-19E20CD5F6BD}"
EndProject
Project("{9A19103F-16F7-4668-BE54-9A1E7A4F7556}") = "FinalProject", "final\FinalProject\FinalProject.csproj", "{CEC210B8-023C-44DA-AA6F-AC5ECF0A6326}"
EndProject
Project("{9A19103F-16F7-4668-BE54-9A1E7A4F7556}") = "Foundation1", "final\Foundation1\Foundation1.csproj", "{F192E566-E3B7-4632-9D71-BEDCFFDF65C3}"
EndProject
Project("{9A19103F-16F7-4668-BE54-9A1E7A4F7556}") = "Foundation2", "final\Foundation2\Foundation2.csproj", "{57B70F65-1911-4E30-BCF6-115D7EE620C5}"
EndProject
Project("{9A19103F-16F7-4668-BE54-9A1E7A4F7556}") = "Foundation3", "final\Foundation3\Foundation3.csproj", "{5636C4E0-534C-4BCB-B0A7-7EEF56F64E10}"
EndProject
Project("{9A19103F-16F7-4668-BE54-9A1E7A4F7556}") = "Foundation4", "final\Foundation4\Foundation4.csproj", "{A4B8DF01-CFF9-405F-8D58-865929F307E5}"
EndProject
Project("{2150E333-8FDC-42A3-9474-1A3956D46DE8}") = "prepare", "prepare", "{C40BB49F-C835-4C3D-A5F9-37FC56743FE4}"
EndProject
Project("{9A19103F-16F7-4668-BE54-9A1E7A4F7556}") = "Learning02", "prepare\Learning02\Learning02.csproj", "{0FA1FB56-FC64-44D7-97C3-1F14A41A590B}"
EndProject
Project("{9A19103F-16F7-4668-BE54-9A1E7A4F7556}") = "Learning03", "prepare\Learning03\Learning03.csproj", "{BB0BAEC3-FA22-466B-86E6-34B7C0E52FDE}"
EndProject
Project("{9A19103F-16F7-4668-BE54-9A1E7A4F7556}") = "Learning04", "prepare\Learning04\Learning04.csproj", "{EBDDE7F6-C507-414E-AEA7-045681BF0E14}"
EndProject
Project("{9A19103F-16F7-4668-BE54-9A1E7A4F7556}") = "Learning05", "prepare\Learning05\Learning05.csproj", "{94F41658-DD69-4588-8A08-77B1853200C8}"
EndProject
Project("{2150E333-8FDC-42A3-9474-1A3956D46DE8}") = "prove", "prove", "{4746ECB9-3361-4A12-B89B-3465CA05FCD9}"
EndProject
Project("{9A19103F-16F7-4668-BE54-9A1E7A4F7556}") = "Develop02", "prove\Develop02\Develop02.csproj", "{E9A9EC08-D8F2-4F56-9EBB-96A71BCDF679}"
EndProject
Project("{9A19103F-16F7-4668-BE54-9A1E7A4F7556}") = "Develop03", "prove\Develop03\Develop03.csproj", "{8A69C1FF-481C-44B5-8A1B-B75F5FB10F46}"
EndProject
Project("{9A19103F-16F7-4668-BE54-9A1E7A4F7556}") = "Develop04", "prove\Develop04\Develop04.csproj", "{98AE091B-DF17-4E78-9FD3-5EE6A7D0576F}"
EndProject
Project("{9A19103F-16F7-4668-BE54-9A1E7A4F7556}") = "Develop05", "prove\Develop05\Develop05.csproj", "{A91F8B5A-7489-4C73-9204-E8DEBDF2037A}"
EndProject
Project("{2150E333-8FDC-42A3-9474-1A3956D46DE8}") = "sandbox", "sandbox", "{8B555265-7572-4016-ADEF-C9B4ACFF726E}"
EndProject
Project("{9A19103F-16F7-4668-BE54-9A1E7A4F7556}") = "Sandbox", "sandbox\Sandbox\Sandbox.csproj", "{959D114B-CBDD-45D0-B013-2E8594158CAA}"
EndProject
Global
	GlobalSection(SolutionConfigurationPlatforms) = preSolution
		Debug|Any CPU = Debug|Any CPU
		Release|Any CPU = Release|Any CPU
	EndGlobalSection
	GlobalSection(ProjectConfigurationPlatforms) = postSolution
		{95B379A6-FFAD-4F6F-875A-734FD41D95FC}.Debug|Any CPU.ActiveCfg = Debug|Any CPU
		{95B379A6-FFAD-4F6F-875A-734FD41D95FC}.Debug|Any CPU.Build.0 = Debug|Any CPU
		{95B379A6-FFAD-4F6F-875A-734FD41D95FC}.Release|Any CPU.ActiveCfg = Release|Any CPU
		{95B379A6-FFAD-4F6F-875A-734FD41D95FC}.Release|Any CPU.Build.0 = Release|Any CPU
		{54C7F2A5-0FE7-4F6C-9D9E-A2DA17FA40C7}.Debug|Any CPU.ActiveCfg = Debug|Any CPU
		{54C7F2A5-0FE7-4F6C-9D9E-A2DA17FA40C7}.Debug|Any CPU.Build.0 = Debug|Any CPU
		{54C7F2A5-0FE7-4F6C-9D9E-A2DA17FA40C7}.Release|Any CPU.ActiveCfg = Release|Any CPU
		{54C7F2A5-0FE7-4F6C-9D9E-A2DA17FA40C7}.Release|Any CPU.Build.0 = Release|Any CPU
		{886A4957-B0DC-4C44-9672-C0A2179D4E64}.Debug|Any CPU.ActiveCfg = Debug|Any CPU
		{886A4957-B0DC-4C44-9672-C0A2179D4E64}.Debug|Any CPU.Build.0 = Debug|Any CPU
		{886A4957-B0DC-4C44-9672-C0A2179D4E64}.Release|Any CPU.ActiveCfg = Release|Any CPU
		{886A4957-B0DC-4C44-9672-C0A2179D4E64}.Release|Any CPU.Build.0 = Release|Any CPU
		{B84CCBD3-3FBA-459D-8407-8CD9DFDCC521}.Debug|Any CPU.ActiveCfg = Debug|Any CPU
		{B84CCBD3-3FBA-459D-8407-8CD9DFDCC521}.Debug|Any CPU.Build.0 = Debug|Any CPU
		{B84CCBD3-3FBA-459D-8407-8CD9DFDCC521}.Release|Any CPU.ActiveCfg = Release|Any CPU
		{B84CCBD3-3FBA-459D-8407-8CD9DFDCC521}.Release|Any CPU.Build.0 = Release|Any CPU
		{2ED728AF-FFBA-4152-AEB2-CC5DD25C5F93}.Debug|Any CPU.ActiveCfg = Debug|Any CPU
		{2ED728AF-FFBA-4152-AEB2-CC5DD25C5F93}.Debug|Any CPU.Build.0 = Debug|Any CPU
		{2ED728AF-FFBA-4152-AEB2-CC5DD25C5F93}.Release|Any CPU.ActiveCfg = Release|Any CPU
		{2ED728AF-FFBA-4152-AEB2-CC5DD25C5F93}.Release|Any CPU.Build.0 = Release|Any CPU
		{CEC210B8-023C-44DA-AA6F-AC5ECF0A6326}.Debug|Any CPU.ActiveCfg = Debug|Any CPU
		{CEC210B8-023C-44DA-AA6F-AC5ECF0A6326}.Debug|Any CPU.Build.0 = Debug|Any CPU
		{CEC210B8-023C-44DA-AA6F-AC5ECF0A6326}.Release|Any CPU.ActiveCfg = Release|Any CPU
		{CEC210B8-023C-44DA-AA6F-AC5ECF0A6326}.Release|Any CPU.Build.0 = Release|Any CPU
		{F192E566-E3B7-4632-9D71-BEDCFFDF65C3}.Debug|Any CPU.ActiveCfg = Debug|Any CPU
		{F192E566-E3B7-4632-9D71-BEDCFFDF65C3}.Debug|Any CPU.Build.0 = Debug|Any CPU
		{F192E566-E3B7-4632-9D71-BEDCFFDF65C3}.Release|Any CPU.ActiveCfg = Release|Any CPU
		{F192E566-E3B7-4632-9D71-BEDCFFDF65C3}.Release|Any CPU.Build.0 = Release|Any CPU
		{57B70F65-1911-4E30-BCF6-115D7EE620C5}.Debug|Any CPU.ActiveCfg = Debug|Any CPU
		{57B70F65-1911-4E30-BCF6-115D7EE620C5}.Debug|Any CPU.Build.0 = Debug|Any CPU
		{57B70F65-1911-4E30-BCF6-115D7EE620C5}.Release|Any CPU.ActiveCfg = Release|Any CPU
		{57B70F65-1911-4E30-BCF6-115D7EE620C5}.Release|Any CPU.Build.0 = Release|Any CPU
		{5636C4E0-534C-4BCB-B0A7-7EEF56F64E10}.Debug|Any CPU.ActiveCfg = Debug|Any CPU
		{5636C4E0-534C-4BCB-B0A7-7EEF56F64E10}.Debug|Any CPU.Build.0 = Debug|Any CPU
		{5636C4E0-534C-4BCB-B0A7-7EEF56F64E10}.Release|Any CPU.ActiveCfg = Release|Any CPU
		{5636C4E0-534C-4BCB-B0A7-7EEF56F64E10}.Release|Any CPU.Build.0 = Release|Any CPU
		{A4B8DF01-CFF9-405F-8D58-865929F307E5}.Debug|Any CPU.ActiveCfg = Debug|Any CPU
		{A4B8DF01-CFF9-405F-8D58-865929F307E5}.Debug|Any CPU.Build.0 = Debug|Any CPU
		{A4B8DF01-CFF9-405F-8D58-865929F307E5}.Release|Any CPU.ActiveCfg = Release|Any CPU
		{A4B8DF01-CFF9-405F-8D58-865929F307E5}.Release|Any CPU.Build.0 = Release|Any CPU
		{0FA1FB56-FC64-44D7-97C3-1F14A41A590B}.Debug|Any CPU.ActiveCfg = Debug|Any CPU
		{0FA1FB56-FC64-44D7-97C3-1F14A41A590B}.Debug|Any CPU.Build.0 = Debug|Any CPU
		{0FA1FB56-FC64-44D7-97C3-1F14A41A590B}.Release|Any CPU.ActiveCfg = Release|Any CPU
		{0FA1FB56-FC64-44D7-97C3-1F14A41A590B}.Release|Any CPU.Build.0 = Release|Any CPU
		{BB0BAEC3-FA22-466B-86E6-34B7C0E52FDE}.Debug|Any CPU.ActiveCfg = Debug|Any CPU
		{BB0BAEC3-FA22-466B-86E6-34B7C0E52FDE}.Debug|Any CPU.Build.0 = Debug|Any CPU
		{BB0BAEC3-FA22-466B-86E6-34B7C0E52FDE}.Release|Any CPU.ActiveCfg = Release|Any CPU
		{BB0BAEC3-FA22-466B-86E6-34B7C0E52FDE}.Release|Any CPU.Build.0 = Release|Any CPU
		{EBDDE7F6-C507-414E-AEA7-045681BF0E14}.Debug|Any CPU.ActiveCfg = Debug|Any CPU
		{EBDDE7F6-C507-414E-AEA7-045681BF0E14}.Debug|Any CPU.Build.0 = Debug|Any CPU
		{EBDDE7F6-C507-414E-AEA7-045681BF0E14}.Release|Any CPU.ActiveCfg = Release|Any CPU
		{EBDDE7F6-C507-414E-AEA7-045681BF0E14}.Release|Any CPU.Build.0 = Release|Any CPU
		{94F41658-DD69-4588-8A08-77B1853200C8}.Debug|Any CPU.ActiveCfg = Debug|Any CPU
		{94F41658-DD69-4588-8A08-77B1853200C8}.Debug|Any CPU.Build.0 = Debug|Any CPU
		{94F41658-DD69-4588-8A08-77B1853200C8}.Release|Any CPU.ActiveCfg = Release|Any CPU
		{94F41658-DD69-4588-8A08-77B1853200C8}.Release|Any CPU.Build.0 = Release|Any CPU
		{E9A9EC08-D8F2-4F56-9EBB-96A71BCDF679}.Debug|Any CPU.ActiveCfg = Debug|Any CPU
		{E9A9EC08-D8F2-4F56-9EBB-96A71BCDF679}.Debug|Any CPU.Build.0 = Debug|Any CPU
		{E9A9EC08-D8F2-4F56-9EBB-96A71BCDF679}.Release|Any CPU.ActiveCfg = Release|Any CPU
		{E9A9EC08-D8F2-4F56-9EBB-96A71BCDF679}.Release|Any CPU.Build.0 = Release|Any CPU
		{8A69C1FF-481C-44B5-8A1B-B75F5FB10F46}.Debug|Any CPU.ActiveCfg = Debug|Any CPU
		{8A69C1FF-481C-44B5-8A1B-B75F5FB10F46}.Debug|Any CPU.Build.0 = Debug|Any CPU
		{8A69C1FF-481C-44B5-8A1B-B75F5FB10F46}.Release|Any CPU.ActiveCfg = Release|Any CPU
		{8A69C1FF-481C-44B5-8A1B-B75F5FB10F46}.Release|Any CPU.Build.0 = Release|Any CPU
		{98AE091B-DF17-4E78-9FD3-5EE6A7D0576F}.Debug|Any CPU.ActiveCfg = Debug|Any CPU
		{98AE091B-DF17-4E78-9FD3-5EE6A7D0576F}.Debug|Any CPU.Build.0 = Debug|Any CPU
		{98AE091B-DF17-4E78-9FD3-5EE6A7D0576F}.Release|Any CPU.ActiveCfg = Release|Any CPU
		{98AE091B-DF17-4E78-9FD3-5EE6A7D0576F}.Release|Any CPU.Build.0 = Release|Any CPU
		{A91F8B5A-7489-4C73-9204-E8DEBDF2037A}.Debug|Any CPU.ActiveCfg = Debug|Any CPU
		{A91F8B5A-7489-4C73-9204-E8DEBDF2037A}.Debug|Any CPU.Build.0 = Debug|Any CPU
		{A91F8B5A-7489-4C73-9204-E8DEBDF2037A}.Release|Any CPU.ActiveCfg = Release|Any CPU
		{A91F8B5A-7489-4C73-9204-E8DEBDF2037A}.Release|Any CPU.Build.0 = Release|Any CPU
		{959D114B-CBDD-45D0-B013-2E8594158CAA}.Debug|Any CPU.ActiveCfg = Debug|Any CPU
		{959D114B-CBDD-45D0-B013-2E8594158CAA}.Debug|Any CPU.Build.0 = Debug|Any CPU
		{959D114B-CBDD-45D0-B013-2E8594158CAA}.Release|Any CPU.ActiveCfg = Release|Any CPU
		{959D114B-CBDD-45D0-B013-2E8594158CAA}.Release|Any CPU.Build.0 = Release|Any CPU
	EndGlobalSection
	GlobalSection(SolutionProperties) = preSolution
		HideSolutionNode = FALSE
	EndGlobalSection
	GlobalSection(NestedProjects) = preSolution
		{95B379A6-FFAD-4F6F-875A-734FD41D95FC} = {C65A338C-0BD1-461F-B8D1-E55F2E889A74}
		{54C7F2A5-0FE7-4F6C-9D9E-A2DA17FA40C7} = {C65A338C-0BD1-461F-B8D1-E55F2E889A74}
		{886A4957-B0DC-4C44-9672-C0A2179D4E64} = {C65A338C-0BD1-461F-B8D1-E55F2E889A74}
		{B84CCBD3-3FBA-459D-8407-8CD9DFDCC521} = {C65A338C-0BD1-461F-B8D1-E55F2E889A74}
		{2ED728AF-FFBA-4152-AEB2-CC5DD25C5F93} = {C65A338C-0BD1-461F-B8D1-E55F2E889A74}
		{CEC210B8-023C-44DA-AA6F-AC5ECF0A6326} = {CC7FE4A3-A98B-498D-8210-19E20CD5F6BD}
		{F192E566-E3B7-4632-9D71-BEDCFFDF65C3} = {CC7FE4A3-A98B-498D-8210-19E20CD5F6BD}
		{57B70F65-1911-4E30-BCF6-115D7EE620C5} = {CC7FE4A3-A98B-498D-8210-19E20CD5F6BD}
		{5636C4E0-534C-4BCB-B0A7-7EEF56F64E10} = {CC7FE4A3-A98B-498D-8210-19E20CD5F6BD}
		{A4B8DF01-CFF9-405F-8D58-865929F307E5} = {CC7FE4A3-A98B-498D-8210-19E20CD5F6BD}
		{0FA1FB56-FC64-44D7-97C3-1F14A41A590B} = {C40BB49F-C835-4C3D-A5F9-37FC56743FE4}
		{BB0BAEC3-FA22-466B-86E6-34B7C0E52FDE} = {C40BB49F-C835-4C3D-A5F9-37FC56743FE4}
		{EBDDE7F6-C507-414E-AEA7-045681BF0E14} = {C40BB49F-C835-4C3D-A5F9-37FC56743FE4}
		{94F41658-DD69-4588-8A08-77B1853200C8} = {C40BB49F-C835-4C3D-A5F9-37FC56743FE4}
		{E9A9EC08-D8F2-4F56-9EBB-96A71BCDF679} = {4746ECB9-3361-4A12-B89B-3465CA05FCD9}
		{8A69C1FF-481C-44B5-8A1B-B75F5FB10F46} = {4746ECB9-3361-4A12-B89B-3465CA05FCD9}
		{98AE091B-DF17-4E78-9FD3-5EE6A7D0576F} = {4746ECB9-3361-4A12-B89B-3465CA05FCD9}
		{A91F8B5A-7489-4C73-9204-E8DEBDF2037A} = {4746ECB9-3361-4A12-B89B-3465CA05FCD9}
		{959D114B-CBDD-45D0-B013-2E8594158CAA} = {8B555265-7572-4016-ADEF-C9B4ACFF726E}
	EndGlobalSection
	GlobalSection(ExtensibilityGlobals) = postSolution
		SolutionGuid = {C4862EC2-F676-442B-A357-086EC4DA0FA1}
	EndGlobalSection
EndGlobal
